
Microsoft Visual Studio Solution File, Format Version 12.00
# Visual Studio Version 17
VisualStudioVersion = 17.7.34031.279
MinimumVisualStudioVersion = 10.0.40219.1
Project("{FAE04EC0-301F-11D3-BF4B-00C04F79EFBC}") = "lecturedoings", "lecturedoings\lecturedoings.csproj", "{1F3C441E-41D7-48E7-A282-514D18C51AD3}"
EndProject
Project("{FAE04EC0-301F-11D3-BF4B-00C04F79EFBC}") = "WordRandomiser", "WordRandomiser\WordRandomiser.csproj", "{9AB2FF65-1643-4DB0-A4A9-8DC07AC65B03}"
EndProject
Project("{FAE04EC0-301F-11D3-BF4B-00C04F79EFBC}") = "3.Songs", "3.Songs\3.Songs.csproj", "{9299669A-D537-4F50-B16A-2A508074D5FD}"
EndProject
Global
	GlobalSection(SolutionConfigurationPlatforms) = preSolution
		Debug|Any CPU = Debug|Any CPU
		Release|Any CPU = Release|Any CPU
	EndGlobalSection
	GlobalSection(ProjectConfigurationPlatforms) = postSolution
		{1F3C441E-41D7-48E7-A282-514D18C51AD3}.Debug|Any CPU.ActiveCfg = Debug|Any CPU
		{1F3C441E-41D7-48E7-A282-514D18C51AD3}.Debug|Any CPU.Build.0 = Debug|Any CPU
		{1F3C441E-41D7-48E7-A282-514D18C51AD3}.Release|Any CPU.ActiveCfg = Release|Any CPU
		{1F3C441E-41D7-48E7-A282-514D18C51AD3}.Release|Any CPU.Build.0 = Release|Any CPU
		{9AB2FF65-1643-4DB0-A4A9-8DC07AC65B03}.Debug|Any CPU.ActiveCfg = Debug|Any CPU
		{9AB2FF65-1643-4DB0-A4A9-8DC07AC65B03}.Debug|Any CPU.Build.0 = Debug|Any CPU
		{9AB2FF65-1643-4DB0-A4A9-8DC07AC65B03}.Release|Any CPU.ActiveCfg = Release|Any CPU
		{9AB2FF65-1643-4DB0-A4A9-8DC07AC65B03}.Release|Any CPU.Build.0 = Release|Any CPU
		{9299669A-D537-4F50-B16A-2A508074D5FD}.Debug|Any CPU.ActiveCfg = Debug|Any CPU
		{9299669A-D537-4F50-B16A-2A508074D5FD}.Debug|Any CPU.Build.0 = Debug|Any CPU
		{9299669A-D537-4F50-B16A-2A508074D5FD}.Release|Any CPU.ActiveCfg = Release|Any CPU
		{9299669A-D537-4F50-B16A-2A508074D5FD}.Release|Any CPU.Build.0 = Release|Any CPU
	EndGlobalSection
	GlobalSection(SolutionProperties) = preSolution
		HideSolutionNode = FALSE
	EndGlobalSection
	GlobalSection(ExtensibilityGlobals) = postSolution
		SolutionGuid = {CE4599F0-33BA-4CD4-A22E-37B1C67775B3}
	EndGlobalSection
EndGlobal
