
Microsoft Visual Studio Solution File, Format Version 12.00
# Visual Studio Version 17
VisualStudioVersion = 17.7.34031.279
MinimumVisualStudioVersion = 10.0.40219.1
Project("{FAE04EC0-301F-11D3-BF4B-00C04F79EFBC}") = "1.ReverseStrings", "1.ReverseStrings\1.ReverseStrings.csproj", "{0A2D7109-EF8C-4046-83C8-91522F1F27E8}"
EndProject
Project("{FAE04EC0-301F-11D3-BF4B-00C04F79EFBC}") = "2.RepeatStrings", "2.RepeatStrings\2.RepeatStrings.csproj", "{B07959EA-23A1-4790-BF1B-4113325FA951}"
EndProject
Project("{FAE04EC0-301F-11D3-BF4B-00C04F79EFBC}") = "3.Substring", "3.Substring\3.Substring.csproj", "{82C84C5E-81B3-4E54-B031-749EF149495A}"
EndProject
Project("{FAE04EC0-301F-11D3-BF4B-00C04F79EFBC}") = "4.TextFilter", "4.TextFilter\4.TextFilter.csproj", "{D4E3BE1F-EEF6-4915-B22C-16A6D0FD7269}"
EndProject
Project("{FAE04EC0-301F-11D3-BF4B-00C04F79EFBC}") = "5.DigitsLettersAndOthers", "5.DigitsLettersAndOthers\5.DigitsLettersAndOthers.csproj", "{284792BD-CD26-42B5-A79C-6D84E0EED404}"
EndProject
Global
	GlobalSection(SolutionConfigurationPlatforms) = preSolution
		Debug|Any CPU = Debug|Any CPU
		Release|Any CPU = Release|Any CPU
	EndGlobalSection
	GlobalSection(ProjectConfigurationPlatforms) = postSolution
		{0A2D7109-EF8C-4046-83C8-91522F1F27E8}.Debug|Any CPU.ActiveCfg = Debug|Any CPU
		{0A2D7109-EF8C-4046-83C8-91522F1F27E8}.Debug|Any CPU.Build.0 = Debug|Any CPU
		{0A2D7109-EF8C-4046-83C8-91522F1F27E8}.Release|Any CPU.ActiveCfg = Release|Any CPU
		{0A2D7109-EF8C-4046-83C8-91522F1F27E8}.Release|Any CPU.Build.0 = Release|Any CPU
		{B07959EA-23A1-4790-BF1B-4113325FA951}.Debug|Any CPU.ActiveCfg = Debug|Any CPU
		{B07959EA-23A1-4790-BF1B-4113325FA951}.Debug|Any CPU.Build.0 = Debug|Any CPU
		{B07959EA-23A1-4790-BF1B-4113325FA951}.Release|Any CPU.ActiveCfg = Release|Any CPU
		{B07959EA-23A1-4790-BF1B-4113325FA951}.Release|Any CPU.Build.0 = Release|Any CPU
		{82C84C5E-81B3-4E54-B031-749EF149495A}.Debug|Any CPU.ActiveCfg = Debug|Any CPU
		{82C84C5E-81B3-4E54-B031-749EF149495A}.Debug|Any CPU.Build.0 = Debug|Any CPU
		{82C84C5E-81B3-4E54-B031-749EF149495A}.Release|Any CPU.ActiveCfg = Release|Any CPU
		{82C84C5E-81B3-4E54-B031-749EF149495A}.Release|Any CPU.Build.0 = Release|Any CPU
		{D4E3BE1F-EEF6-4915-B22C-16A6D0FD7269}.Debug|Any CPU.ActiveCfg = Debug|Any CPU
		{D4E3BE1F-EEF6-4915-B22C-16A6D0FD7269}.Debug|Any CPU.Build.0 = Debug|Any CPU
		{D4E3BE1F-EEF6-4915-B22C-16A6D0FD7269}.Release|Any CPU.ActiveCfg = Release|Any CPU
		{D4E3BE1F-EEF6-4915-B22C-16A6D0FD7269}.Release|Any CPU.Build.0 = Release|Any CPU
		{284792BD-CD26-42B5-A79C-6D84E0EED404}.Debug|Any CPU.ActiveCfg = Debug|Any CPU
		{284792BD-CD26-42B5-A79C-6D84E0EED404}.Debug|Any CPU.Build.0 = Debug|Any CPU
		{284792BD-CD26-42B5-A79C-6D84E0EED404}.Release|Any CPU.ActiveCfg = Release|Any CPU
		{284792BD-CD26-42B5-A79C-6D84E0EED404}.Release|Any CPU.Build.0 = Release|Any CPU
	EndGlobalSection
	GlobalSection(SolutionProperties) = preSolution
		HideSolutionNode = FALSE
	EndGlobalSection
	GlobalSection(ExtensibilityGlobals) = postSolution
		SolutionGuid = {599ADD18-101D-4D62-AC0F-C6FFD185EA4A}
	EndGlobalSection
EndGlobal
