
Microsoft Visual Studio Solution File, Format Version 12.00
# Visual Studio Version 17
VisualStudioVersion = 17.7.34031.279
MinimumVisualStudioVersion = 10.0.40219.1
Project("{9A19103F-16F7-4668-BE54-9A1E7A4F7556}") = "ComputerStore", "ComputerStore\ComputerStore.csproj", "{823F8267-E081-4806-A30D-7ADAA9D46662}"
EndProject
Project("{9A19103F-16F7-4668-BE54-9A1E7A4F7556}") = "ShootForTheWin", "ShootForTheWin\ShootForTheWin.csproj", "{AB86F15A-DE8C-4B6A-AF15-066FF34A8CDA}"
EndProject
Project("{FAE04EC0-301F-11D3-BF4B-00C04F79EFBC}") = "MemoryGame", "MemoryGame\MemoryGame.csproj", "{DCA09C3E-A5D9-48DE-917F-FA18C1455D6F}"
EndProject
Global
	GlobalSection(SolutionConfigurationPlatforms) = preSolution
		Debug|Any CPU = Debug|Any CPU
		Release|Any CPU = Release|Any CPU
	EndGlobalSection
	GlobalSection(ProjectConfigurationPlatforms) = postSolution
		{823F8267-E081-4806-A30D-7ADAA9D46662}.Debug|Any CPU.ActiveCfg = Debug|Any CPU
		{823F8267-E081-4806-A30D-7ADAA9D46662}.Debug|Any CPU.Build.0 = Debug|Any CPU
		{823F8267-E081-4806-A30D-7ADAA9D46662}.Release|Any CPU.ActiveCfg = Release|Any CPU
		{823F8267-E081-4806-A30D-7ADAA9D46662}.Release|Any CPU.Build.0 = Release|Any CPU
		{AB86F15A-DE8C-4B6A-AF15-066FF34A8CDA}.Debug|Any CPU.ActiveCfg = Debug|Any CPU
		{AB86F15A-DE8C-4B6A-AF15-066FF34A8CDA}.Debug|Any CPU.Build.0 = Debug|Any CPU
		{AB86F15A-DE8C-4B6A-AF15-066FF34A8CDA}.Release|Any CPU.ActiveCfg = Release|Any CPU
		{AB86F15A-DE8C-4B6A-AF15-066FF34A8CDA}.Release|Any CPU.Build.0 = Release|Any CPU
		{DCA09C3E-A5D9-48DE-917F-FA18C1455D6F}.Debug|Any CPU.ActiveCfg = Debug|Any CPU
		{DCA09C3E-A5D9-48DE-917F-FA18C1455D6F}.Debug|Any CPU.Build.0 = Debug|Any CPU
		{DCA09C3E-A5D9-48DE-917F-FA18C1455D6F}.Release|Any CPU.ActiveCfg = Release|Any CPU
		{DCA09C3E-A5D9-48DE-917F-FA18C1455D6F}.Release|Any CPU.Build.0 = Release|Any CPU
	EndGlobalSection
	GlobalSection(SolutionProperties) = preSolution
		HideSolutionNode = FALSE
	EndGlobalSection
	GlobalSection(ExtensibilityGlobals) = postSolution
		SolutionGuid = {C4A3C38D-9B6D-4B72-ABA4-6DCEBBA749C6}
	EndGlobalSection
EndGlobal
